
Microsoft Visual Studio Solution File, Format Version 12.00
# Visual Studio Version 17
VisualStudioVersion = 17.14.36705.20 d17.14
MinimumVisualStudioVersion = 10.0.40219.1
Project("{8BC9CEB8-8B4A-11D0-8D11-00A0C91BC942}") = "CUDAlab2-ManagingThreads", "CUDAlab2-ManagingThreads\CUDAlab2-ManagingThreads.vcxproj", "{D7D05372-0481-5AEB-9D24-72C1E8C7CC4E}"
EndProject
Global
	GlobalSection(SolutionConfigurationPlatforms) = preSolution
		Debug|x64 = Debug|x64
		Release|x64 = Release|x64
	EndGlobalSection
	GlobalSection(ProjectConfigurationPlatforms) = postSolution
		{D7D05372-0481-5AEB-9D24-72C1E8C7CC4E}.Debug|x64.ActiveCfg = Debug|x64
		{D7D05372-0481-5AEB-9D24-72C1E8C7CC4E}.Debug|x64.Build.0 = Debug|x64
		{D7D05372-0481-5AEB-9D24-72C1E8C7CC4E}.Release|x64.ActiveCfg = Release|x64
		{D7D05372-0481-5AEB-9D24-72C1E8C7CC4E}.Release|x64.Build.0 = Release|x64
	EndGlobalSection
	GlobalSection(SolutionProperties) = preSolution
		HideSolutionNode = FALSE
	EndGlobalSection
	GlobalSection(ExtensibilityGlobals) = postSolution
		SolutionGuid = {1F97FA56-CF23-4A3D-8C9C-A5C0FC68A01E}
	EndGlobalSection
EndGlobal
